
Microsoft Visual Studio Solution File, Format Version 12.00
# Visual Studio Version 16
VisualStudioVersion = 16.0.33328.57
MinimumVisualStudioVersion = 10.0.40219.1
Project("{FAE04EC0-301F-11D3-BF4B-00C04F79EFBC}") = "lab11", "lab11\lab11.csproj", "{BE59DB5D-9DEA-486D-8A1D-EE48C39E798C}"
EndProject
Global
	GlobalSection(SolutionConfigurationPlatforms) = preSolution
		Debug|Any CPU = Debug|Any CPU
		Release|Any CPU = Release|Any CPU
	EndGlobalSection
	GlobalSection(ProjectConfigurationPlatforms) = postSolution
		{BE59DB5D-9DEA-486D-8A1D-EE48C39E798C}.Debug|Any CPU.ActiveCfg = Debug|Any CPU
		{BE59DB5D-9DEA-486D-8A1D-EE48C39E798C}.Debug|Any CPU.Build.0 = Debug|Any CPU
		{BE59DB5D-9DEA-486D-8A1D-EE48C39E798C}.Release|Any CPU.ActiveCfg = Release|Any CPU
		{BE59DB5D-9DEA-486D-8A1D-EE48C39E798C}.Release|Any CPU.Build.0 = Release|Any CPU
	EndGlobalSection
	GlobalSection(SolutionProperties) = preSolution
		HideSolutionNode = FALSE
	EndGlobalSection
	GlobalSection(ExtensibilityGlobals) = postSolution
		SolutionGuid = {16F72F39-9048-47BA-8912-433733A4E91F}
	EndGlobalSection
EndGlobal
